
Microsoft Visual Studio Solution File, Format Version 12.00
# Visual Studio 15
VisualStudioVersion = 15.0.28307.168
MinimumVisualStudioVersion = 10.0.40219.1
Project("{FAE04EC0-301F-11D3-BF4B-00C04F79EFBC}") = "LAB02unittest", "LAB02unittest\LAB02unittest.csproj", "{44246694-3E61-4EB9-908F-A03FE1E401DE}"
EndProject
Project("{FAE04EC0-301F-11D3-BF4B-00C04F79EFBC}") = "XUnitTestProject1", "..\XUnitTestProject1\XUnitTestProject1.csproj", "{C982FE60-39F6-44C2-9C3F-06C91B2C7D6A}"
EndProject
Global
	GlobalSection(SolutionConfigurationPlatforms) = preSolution
		Debug|Any CPU = Debug|Any CPU
		Release|Any CPU = Release|Any CPU
	EndGlobalSection
	GlobalSection(ProjectConfigurationPlatforms) = postSolution
		{44246694-3E61-4EB9-908F-A03FE1E401DE}.Debug|Any CPU.ActiveCfg = Debug|Any CPU
		{44246694-3E61-4EB9-908F-A03FE1E401DE}.Debug|Any CPU.Build.0 = Debug|Any CPU
		{44246694-3E61-4EB9-908F-A03FE1E401DE}.Release|Any CPU.ActiveCfg = Release|Any CPU
		{44246694-3E61-4EB9-908F-A03FE1E401DE}.Release|Any CPU.Build.0 = Release|Any CPU
		{C982FE60-39F6-44C2-9C3F-06C91B2C7D6A}.Debug|Any CPU.ActiveCfg = Debug|Any CPU
		{C982FE60-39F6-44C2-9C3F-06C91B2C7D6A}.Debug|Any CPU.Build.0 = Debug|Any CPU
		{C982FE60-39F6-44C2-9C3F-06C91B2C7D6A}.Release|Any CPU.ActiveCfg = Release|Any CPU
		{C982FE60-39F6-44C2-9C3F-06C91B2C7D6A}.Release|Any CPU.Build.0 = Release|Any CPU
	EndGlobalSection
	GlobalSection(SolutionProperties) = preSolution
		HideSolutionNode = FALSE
	EndGlobalSection
	GlobalSection(ExtensibilityGlobals) = postSolution
		SolutionGuid = {3C8A1D76-D048-48C7-B850-7F478E7700FA}
	EndGlobalSection
EndGlobal
